
Microsoft Visual Studio Solution File, Format Version 12.00
# Visual Studio 2012
Project("{FAE04EC0-301F-11D3-BF4B-00C04F79EFBC}") = "XF1.Android", "XF1.Android\XF1.Android.csproj", "{D3064812-DD9A-4D74-BEDB-DBADE7674A3A}"
EndProject
Project("{FAE04EC0-301F-11D3-BF4B-00C04F79EFBC}") = "XF1.iOS", "XF1.iOS\XF1.iOS.csproj", "{1568D53B-E248-4920-9281-A34D2ECB90A7}"
EndProject
Project("{FAE04EC0-301F-11D3-BF4B-00C04F79EFBC}") = "XF1", "XF1\XF1.csproj", "{E6266811-AEAD-4C91-ADEA-74B603FDA95E}"
EndProject
Project("{FAE04EC0-301F-11D3-BF4B-00C04F79EFBC}") = "XF1.UnitTests", "XF1.UnitTests\XF1.UnitTests.csproj", "{9D6B1E39-02E5-42C8-A82C-1BB6133D3987}"
EndProject
Global
	GlobalSection(SolutionConfigurationPlatforms) = preSolution
		Debug|Any CPU = Debug|Any CPU
		Release|Any CPU = Release|Any CPU
		Debug|iPhoneSimulator = Debug|iPhoneSimulator
		Release|iPhoneSimulator = Release|iPhoneSimulator
		Debug|iPhone = Debug|iPhone
		Release|iPhone = Release|iPhone
		Ad-Hoc|iPhone = Ad-Hoc|iPhone
		AppStore|iPhone = AppStore|iPhone
	EndGlobalSection
	GlobalSection(ProjectConfigurationPlatforms) = postSolution
		{D3064812-DD9A-4D74-BEDB-DBADE7674A3A}.Debug|Any CPU.ActiveCfg = Debug|Any CPU
		{D3064812-DD9A-4D74-BEDB-DBADE7674A3A}.Debug|Any CPU.Build.0 = Debug|Any CPU
		{D3064812-DD9A-4D74-BEDB-DBADE7674A3A}.Release|Any CPU.ActiveCfg = Release|Any CPU
		{D3064812-DD9A-4D74-BEDB-DBADE7674A3A}.Release|Any CPU.Build.0 = Release|Any CPU
		{D3064812-DD9A-4D74-BEDB-DBADE7674A3A}.Debug|iPhoneSimulator.ActiveCfg = Debug|Any CPU
		{D3064812-DD9A-4D74-BEDB-DBADE7674A3A}.Debug|iPhoneSimulator.Build.0 = Debug|Any CPU
		{D3064812-DD9A-4D74-BEDB-DBADE7674A3A}.Release|iPhoneSimulator.ActiveCfg = Release|Any CPU
		{D3064812-DD9A-4D74-BEDB-DBADE7674A3A}.Release|iPhoneSimulator.Build.0 = Release|Any CPU
		{D3064812-DD9A-4D74-BEDB-DBADE7674A3A}.Debug|iPhone.ActiveCfg = Debug|Any CPU
		{D3064812-DD9A-4D74-BEDB-DBADE7674A3A}.Debug|iPhone.Build.0 = Debug|Any CPU
		{D3064812-DD9A-4D74-BEDB-DBADE7674A3A}.Release|iPhone.ActiveCfg = Release|Any CPU
		{D3064812-DD9A-4D74-BEDB-DBADE7674A3A}.Release|iPhone.Build.0 = Release|Any CPU
		{D3064812-DD9A-4D74-BEDB-DBADE7674A3A}.Ad-Hoc|iPhone.ActiveCfg = Debug|Any CPU
		{D3064812-DD9A-4D74-BEDB-DBADE7674A3A}.Ad-Hoc|iPhone.Build.0 = Debug|Any CPU
		{D3064812-DD9A-4D74-BEDB-DBADE7674A3A}.AppStore|iPhone.ActiveCfg = Debug|Any CPU
		{D3064812-DD9A-4D74-BEDB-DBADE7674A3A}.AppStore|iPhone.Build.0 = Debug|Any CPU
		{1568D53B-E248-4920-9281-A34D2ECB90A7}.Debug|Any CPU.ActiveCfg = Debug|iPhoneSimulator
		{1568D53B-E248-4920-9281-A34D2ECB90A7}.Debug|Any CPU.Build.0 = Debug|iPhoneSimulator
		{1568D53B-E248-4920-9281-A34D2ECB90A7}.Release|Any CPU.ActiveCfg = Release|iPhoneSimulator
		{1568D53B-E248-4920-9281-A34D2ECB90A7}.Release|Any CPU.Build.0 = Release|iPhoneSimulator
		{1568D53B-E248-4920-9281-A34D2ECB90A7}.Debug|iPhoneSimulator.ActiveCfg = Debug|iPhoneSimulator
		{1568D53B-E248-4920-9281-A34D2ECB90A7}.Debug|iPhoneSimulator.Build.0 = Debug|iPhoneSimulator
		{1568D53B-E248-4920-9281-A34D2ECB90A7}.Release|iPhoneSimulator.ActiveCfg = Release|iPhoneSimulator
		{1568D53B-E248-4920-9281-A34D2ECB90A7}.Release|iPhoneSimulator.Build.0 = Release|iPhoneSimulator
		{1568D53B-E248-4920-9281-A34D2ECB90A7}.Debug|iPhone.ActiveCfg = Debug|iPhone
		{1568D53B-E248-4920-9281-A34D2ECB90A7}.Debug|iPhone.Build.0 = Debug|iPhone
		{1568D53B-E248-4920-9281-A34D2ECB90A7}.Release|iPhone.ActiveCfg = Release|iPhone
		{1568D53B-E248-4920-9281-A34D2ECB90A7}.Release|iPhone.Build.0 = Release|iPhone
		{1568D53B-E248-4920-9281-A34D2ECB90A7}.Ad-Hoc|iPhone.ActiveCfg = Ad-Hoc|iPhone
		{1568D53B-E248-4920-9281-A34D2ECB90A7}.Ad-Hoc|iPhone.Build.0 = Ad-Hoc|iPhone
		{1568D53B-E248-4920-9281-A34D2ECB90A7}.AppStore|iPhone.ActiveCfg = AppStore|iPhone
		{1568D53B-E248-4920-9281-A34D2ECB90A7}.AppStore|iPhone.Build.0 = AppStore|iPhone
		{E6266811-AEAD-4C91-ADEA-74B603FDA95E}.Debug|Any CPU.ActiveCfg = Debug|Any CPU
		{E6266811-AEAD-4C91-ADEA-74B603FDA95E}.Debug|Any CPU.Build.0 = Debug|Any CPU
		{E6266811-AEAD-4C91-ADEA-74B603FDA95E}.Release|Any CPU.ActiveCfg = Release|Any CPU
		{E6266811-AEAD-4C91-ADEA-74B603FDA95E}.Release|Any CPU.Build.0 = Release|Any CPU
		{E6266811-AEAD-4C91-ADEA-74B603FDA95E}.Debug|iPhoneSimulator.ActiveCfg = Debug|Any CPU
		{E6266811-AEAD-4C91-ADEA-74B603FDA95E}.Debug|iPhoneSimulator.Build.0 = Debug|Any CPU
		{E6266811-AEAD-4C91-ADEA-74B603FDA95E}.Release|iPhoneSimulator.ActiveCfg = Release|Any CPU
		{E6266811-AEAD-4C91-ADEA-74B603FDA95E}.Release|iPhoneSimulator.Build.0 = Release|Any CPU
		{E6266811-AEAD-4C91-ADEA-74B603FDA95E}.Debug|iPhone.ActiveCfg = Debug|Any CPU
		{E6266811-AEAD-4C91-ADEA-74B603FDA95E}.Debug|iPhone.Build.0 = Debug|Any CPU
		{E6266811-AEAD-4C91-ADEA-74B603FDA95E}.Release|iPhone.ActiveCfg = Release|Any CPU
		{E6266811-AEAD-4C91-ADEA-74B603FDA95E}.Release|iPhone.Build.0 = Release|Any CPU
		{E6266811-AEAD-4C91-ADEA-74B603FDA95E}.Ad-Hoc|iPhone.ActiveCfg = Debug|Any CPU
		{E6266811-AEAD-4C91-ADEA-74B603FDA95E}.Ad-Hoc|iPhone.Build.0 = Debug|Any CPU
		{E6266811-AEAD-4C91-ADEA-74B603FDA95E}.AppStore|iPhone.ActiveCfg = Debug|Any CPU
		{E6266811-AEAD-4C91-ADEA-74B603FDA95E}.AppStore|iPhone.Build.0 = Debug|Any CPU
		{9D6B1E39-02E5-42C8-A82C-1BB6133D3987}.Debug|Any CPU.ActiveCfg = Debug|Any CPU
		{9D6B1E39-02E5-42C8-A82C-1BB6133D3987}.Debug|Any CPU.Build.0 = Debug|Any CPU
		{9D6B1E39-02E5-42C8-A82C-1BB6133D3987}.Release|Any CPU.ActiveCfg = Release|Any CPU
		{9D6B1E39-02E5-42C8-A82C-1BB6133D3987}.Release|Any CPU.Build.0 = Release|Any CPU
		{9D6B1E39-02E5-42C8-A82C-1BB6133D3987}.Debug|iPhoneSimulator.ActiveCfg = Debug|Any CPU
		{9D6B1E39-02E5-42C8-A82C-1BB6133D3987}.Debug|iPhoneSimulator.Build.0 = Debug|Any CPU
		{9D6B1E39-02E5-42C8-A82C-1BB6133D3987}.Release|iPhoneSimulator.ActiveCfg = Release|Any CPU
		{9D6B1E39-02E5-42C8-A82C-1BB6133D3987}.Release|iPhoneSimulator.Build.0 = Release|Any CPU
		{9D6B1E39-02E5-42C8-A82C-1BB6133D3987}.Debug|iPhone.ActiveCfg = Debug|Any CPU
		{9D6B1E39-02E5-42C8-A82C-1BB6133D3987}.Debug|iPhone.Build.0 = Debug|Any CPU
		{9D6B1E39-02E5-42C8-A82C-1BB6133D3987}.Release|iPhone.ActiveCfg = Release|Any CPU
		{9D6B1E39-02E5-42C8-A82C-1BB6133D3987}.Release|iPhone.Build.0 = Release|Any CPU
		{9D6B1E39-02E5-42C8-A82C-1BB6133D3987}.Ad-Hoc|iPhone.ActiveCfg = Release|Any CPU
		{9D6B1E39-02E5-42C8-A82C-1BB6133D3987}.Ad-Hoc|iPhone.Build.0 = Release|Any CPU
		{9D6B1E39-02E5-42C8-A82C-1BB6133D3987}.AppStore|iPhone.ActiveCfg = Release|Any CPU
		{9D6B1E39-02E5-42C8-A82C-1BB6133D3987}.AppStore|iPhone.Build.0 = Release|Any CPU
	EndGlobalSection
EndGlobal
